
Microsoft Visual Studio Solution File, Format Version 12.00
# Visual Studio 15
VisualStudioVersion = 15.0.27205.0
MinimumVisualStudioVersion = 10.0.40219.1
Project("{FAE04EC0-301F-11D3-BF4B-00C04F79EFBC}") = "NuGet.Selkie.Aop", "NuGet.Selkie.Aop\NuGet.Selkie.Aop.csproj", "{0451BAEF-DF2E-4B98-8644-94EE9415E389}"
EndProject
Project("{FAE04EC0-301F-11D3-BF4B-00C04F79EFBC}") = "Core2.Selkie.Aop", "Core2.Selkie.Aop\Core2.Selkie.Aop.csproj", "{62FEE4AE-ED34-4052-9457-94E398D2322D}"
EndProject
Project("{2150E333-8FDC-42A3-9474-1A3956D46DE8}") = "Tests", "Tests", "{73005763-D8A7-4892-99DC-1E6649897291}"
EndProject
Project("{FAE04EC0-301F-11D3-BF4B-00C04F79EFBC}") = "Core2.Selkie.Aop.Tests", "Core2.Selkie.Aop.Tests\Core2.Selkie.Aop.Tests.csproj", "{7EE225EF-A78D-4780-A127-F1FFA491D85B}"
EndProject
Project("{2150E333-8FDC-42A3-9474-1A3956D46DE8}") = "Example", "Example", "{C7665322-0816-405B-B00B-EF1979F09D23}"
EndProject
Project("{FAE04EC0-301F-11D3-BF4B-00C04F79EFBC}") = "Core2.Selkie.Aop.Example.Data", "Core2.Selkie.Aop.Example.Data\Core2.Selkie.Aop.Example.Data.csproj", "{33B5842B-B6C1-4384-BB57-47FAE0340FB7}"
EndProject
Project("{9A19103F-16F7-4668-BE54-9A1E7A4F7556}") = "Core2.Selkie.Aop.Example", "Core2.Selkie.Aop.Example\Core2.Selkie.Aop.Example.csproj", "{B0714992-EBCE-41EF-9962-A07DDA07360F}"
EndProject
Global
	GlobalSection(SolutionConfigurationPlatforms) = preSolution
		Debug|Any CPU = Debug|Any CPU
		Release|Any CPU = Release|Any CPU
	EndGlobalSection
	GlobalSection(ProjectConfigurationPlatforms) = postSolution
		{0451BAEF-DF2E-4B98-8644-94EE9415E389}.Debug|Any CPU.ActiveCfg = Debug|Any CPU
		{0451BAEF-DF2E-4B98-8644-94EE9415E389}.Debug|Any CPU.Build.0 = Debug|Any CPU
		{0451BAEF-DF2E-4B98-8644-94EE9415E389}.Release|Any CPU.ActiveCfg = Release|Any CPU
		{0451BAEF-DF2E-4B98-8644-94EE9415E389}.Release|Any CPU.Build.0 = Release|Any CPU
		{62FEE4AE-ED34-4052-9457-94E398D2322D}.Debug|Any CPU.ActiveCfg = Debug|Any CPU
		{62FEE4AE-ED34-4052-9457-94E398D2322D}.Debug|Any CPU.Build.0 = Debug|Any CPU
		{62FEE4AE-ED34-4052-9457-94E398D2322D}.Release|Any CPU.ActiveCfg = Release|Any CPU
		{62FEE4AE-ED34-4052-9457-94E398D2322D}.Release|Any CPU.Build.0 = Release|Any CPU
		{7EE225EF-A78D-4780-A127-F1FFA491D85B}.Debug|Any CPU.ActiveCfg = Debug|Any CPU
		{7EE225EF-A78D-4780-A127-F1FFA491D85B}.Debug|Any CPU.Build.0 = Debug|Any CPU
		{7EE225EF-A78D-4780-A127-F1FFA491D85B}.Release|Any CPU.ActiveCfg = Release|Any CPU
		{7EE225EF-A78D-4780-A127-F1FFA491D85B}.Release|Any CPU.Build.0 = Release|Any CPU
		{33B5842B-B6C1-4384-BB57-47FAE0340FB7}.Debug|Any CPU.ActiveCfg = Debug|Any CPU
		{33B5842B-B6C1-4384-BB57-47FAE0340FB7}.Debug|Any CPU.Build.0 = Debug|Any CPU
		{33B5842B-B6C1-4384-BB57-47FAE0340FB7}.Release|Any CPU.ActiveCfg = Release|Any CPU
		{33B5842B-B6C1-4384-BB57-47FAE0340FB7}.Release|Any CPU.Build.0 = Release|Any CPU
		{B0714992-EBCE-41EF-9962-A07DDA07360F}.Debug|Any CPU.ActiveCfg = Debug|Any CPU
		{B0714992-EBCE-41EF-9962-A07DDA07360F}.Debug|Any CPU.Build.0 = Debug|Any CPU
		{B0714992-EBCE-41EF-9962-A07DDA07360F}.Release|Any CPU.ActiveCfg = Release|Any CPU
		{B0714992-EBCE-41EF-9962-A07DDA07360F}.Release|Any CPU.Build.0 = Release|Any CPU
	EndGlobalSection
	GlobalSection(SolutionProperties) = preSolution
		HideSolutionNode = FALSE
	EndGlobalSection
	GlobalSection(NestedProjects) = preSolution
		{7EE225EF-A78D-4780-A127-F1FFA491D85B} = {73005763-D8A7-4892-99DC-1E6649897291}
		{33B5842B-B6C1-4384-BB57-47FAE0340FB7} = {C7665322-0816-405B-B00B-EF1979F09D23}
		{B0714992-EBCE-41EF-9962-A07DDA07360F} = {C7665322-0816-405B-B00B-EF1979F09D23}
	EndGlobalSection
	GlobalSection(ExtensibilityGlobals) = postSolution
		SolutionGuid = {FE73DC06-229D-41B3-95AA-C8D8063EDE6E}
	EndGlobalSection
EndGlobal
